
Microsoft Visual Studio Solution File, Format Version 12.00
# Visual Studio 2013
VisualStudioVersion = 12.0.21005.1
MinimumVisualStudioVersion = 10.0.40219.1
Project("{FAE04EC0-301F-11D3-BF4B-00C04F79EFBC}") = "项目六 Web应用开发中的图形编程", "项目六 Web应用开发中的图形编程\项目六 Web应用开发中的图形编程.csproj", "{D985F3F5-F59B-4E48-93D5-924977ABC7C8}"
EndProject
Global
	GlobalSection(SolutionConfigurationPlatforms) = preSolution
		Debug|Any CPU = Debug|Any CPU
		Release|Any CPU = Release|Any CPU
	EndGlobalSection
	GlobalSection(ProjectConfigurationPlatforms) = postSolution
		{D985F3F5-F59B-4E48-93D5-924977ABC7C8}.Debug|Any CPU.ActiveCfg = Debug|Any CPU
		{D985F3F5-F59B-4E48-93D5-924977ABC7C8}.Debug|Any CPU.Build.0 = Debug|Any CPU
		{D985F3F5-F59B-4E48-93D5-924977ABC7C8}.Release|Any CPU.ActiveCfg = Release|Any CPU
		{D985F3F5-F59B-4E48-93D5-924977ABC7C8}.Release|Any CPU.Build.0 = Release|Any CPU
	EndGlobalSection
	GlobalSection(SolutionProperties) = preSolution
		HideSolutionNode = FALSE
	EndGlobalSection
EndGlobal
